
Microsoft Visual Studio Solution File, Format Version 12.00
# Visual Studio 15
VisualStudioVersion = 15.0.26430.13
MinimumVisualStudioVersion = 10.0.40219.1
Project("{FAE04EC0-301F-11D3-BF4B-00C04F79EFBC}") = "DroneLander.Android", "DroneLander\DroneLander.Android\DroneLander.Android.csproj", "{4BAFD888-E9F4-4352-9FAC-449B68AF1138}"
EndProject
Project("{FAE04EC0-301F-11D3-BF4B-00C04F79EFBC}") = "DroneLander", "DroneLander\DroneLander\DroneLander.csproj", "{66C68050-5CAA-497C-B690-BFBBA8A62B8B}"
EndProject
Project("{FAE04EC0-301F-11D3-BF4B-00C04F79EFBC}") = "DroneLander.iOS", "DroneLander\DroneLander.iOS\DroneLander.iOS.csproj", "{4D6F7178-7DB4-4D20-894E-E364B5106D86}"
EndProject
Global
	GlobalSection(SolutionConfigurationPlatforms) = preSolution
		Ad-Hoc|Any CPU = Ad-Hoc|Any CPU
		Ad-Hoc|iPhone = Ad-Hoc|iPhone
		Ad-Hoc|iPhoneSimulator = Ad-Hoc|iPhoneSimulator
		AppStore|Any CPU = AppStore|Any CPU
		AppStore|iPhone = AppStore|iPhone
		AppStore|iPhoneSimulator = AppStore|iPhoneSimulator
		Debug|Any CPU = Debug|Any CPU
		Debug|iPhone = Debug|iPhone
		Debug|iPhoneSimulator = Debug|iPhoneSimulator
		Release|Any CPU = Release|Any CPU
		Release|iPhone = Release|iPhone
		Release|iPhoneSimulator = Release|iPhoneSimulator
	EndGlobalSection
	GlobalSection(ProjectConfigurationPlatforms) = postSolution
		{4BAFD888-E9F4-4352-9FAC-449B68AF1138}.Ad-Hoc|Any CPU.ActiveCfg = Release|Any CPU
		{4BAFD888-E9F4-4352-9FAC-449B68AF1138}.Ad-Hoc|Any CPU.Build.0 = Release|Any CPU
		{4BAFD888-E9F4-4352-9FAC-449B68AF1138}.Ad-Hoc|Any CPU.Deploy.0 = Release|Any CPU
		{4BAFD888-E9F4-4352-9FAC-449B68AF1138}.Ad-Hoc|iPhone.ActiveCfg = Release|Any CPU
		{4BAFD888-E9F4-4352-9FAC-449B68AF1138}.Ad-Hoc|iPhone.Build.0 = Release|Any CPU
		{4BAFD888-E9F4-4352-9FAC-449B68AF1138}.Ad-Hoc|iPhone.Deploy.0 = Release|Any CPU
		{4BAFD888-E9F4-4352-9FAC-449B68AF1138}.Ad-Hoc|iPhoneSimulator.ActiveCfg = Release|Any CPU
		{4BAFD888-E9F4-4352-9FAC-449B68AF1138}.Ad-Hoc|iPhoneSimulator.Build.0 = Release|Any CPU
		{4BAFD888-E9F4-4352-9FAC-449B68AF1138}.Ad-Hoc|iPhoneSimulator.Deploy.0 = Release|Any CPU
		{4BAFD888-E9F4-4352-9FAC-449B68AF1138}.AppStore|Any CPU.ActiveCfg = Release|Any CPU
		{4BAFD888-E9F4-4352-9FAC-449B68AF1138}.AppStore|Any CPU.Build.0 = Release|Any CPU
		{4BAFD888-E9F4-4352-9FAC-449B68AF1138}.AppStore|Any CPU.Deploy.0 = Release|Any CPU
		{4BAFD888-E9F4-4352-9FAC-449B68AF1138}.AppStore|iPhone.ActiveCfg = Release|Any CPU
		{4BAFD888-E9F4-4352-9FAC-449B68AF1138}.AppStore|iPhone.Build.0 = Release|Any CPU
		{4BAFD888-E9F4-4352-9FAC-449B68AF1138}.AppStore|iPhone.Deploy.0 = Release|Any CPU
		{4BAFD888-E9F4-4352-9FAC-449B68AF1138}.AppStore|iPhoneSimulator.ActiveCfg = Release|Any CPU
		{4BAFD888-E9F4-4352-9FAC-449B68AF1138}.AppStore|iPhoneSimulator.Build.0 = Release|Any CPU
		{4BAFD888-E9F4-4352-9FAC-449B68AF1138}.AppStore|iPhoneSimulator.Deploy.0 = Release|Any CPU
		{4BAFD888-E9F4-4352-9FAC-449B68AF1138}.Debug|Any CPU.ActiveCfg = Debug|Any CPU
		{4BAFD888-E9F4-4352-9FAC-449B68AF1138}.Debug|Any CPU.Build.0 = Debug|Any CPU
		{4BAFD888-E9F4-4352-9FAC-449B68AF1138}.Debug|Any CPU.Deploy.0 = Debug|Any CPU
		{4BAFD888-E9F4-4352-9FAC-449B68AF1138}.Debug|iPhone.ActiveCfg = Debug|Any CPU
		{4BAFD888-E9F4-4352-9FAC-449B68AF1138}.Debug|iPhone.Build.0 = Debug|Any CPU
		{4BAFD888-E9F4-4352-9FAC-449B68AF1138}.Debug|iPhone.Deploy.0 = Debug|Any CPU
		{4BAFD888-E9F4-4352-9FAC-449B68AF1138}.Debug|iPhoneSimulator.ActiveCfg = Debug|Any CPU
		{4BAFD888-E9F4-4352-9FAC-449B68AF1138}.Debug|iPhoneSimulator.Build.0 = Debug|Any CPU
		{4BAFD888-E9F4-4352-9FAC-449B68AF1138}.Debug|iPhoneSimulator.Deploy.0 = Debug|Any CPU
		{4BAFD888-E9F4-4352-9FAC-449B68AF1138}.Release|Any CPU.ActiveCfg = Release|Any CPU
		{4BAFD888-E9F4-4352-9FAC-449B68AF1138}.Release|Any CPU.Build.0 = Release|Any CPU
		{4BAFD888-E9F4-4352-9FAC-449B68AF1138}.Release|Any CPU.Deploy.0 = Release|Any CPU
		{4BAFD888-E9F4-4352-9FAC-449B68AF1138}.Release|iPhone.ActiveCfg = Release|Any CPU
		{4BAFD888-E9F4-4352-9FAC-449B68AF1138}.Release|iPhone.Build.0 = Release|Any CPU
		{4BAFD888-E9F4-4352-9FAC-449B68AF1138}.Release|iPhone.Deploy.0 = Release|Any CPU
		{4BAFD888-E9F4-4352-9FAC-449B68AF1138}.Release|iPhoneSimulator.ActiveCfg = Release|Any CPU
		{4BAFD888-E9F4-4352-9FAC-449B68AF1138}.Release|iPhoneSimulator.Build.0 = Release|Any CPU
		{4BAFD888-E9F4-4352-9FAC-449B68AF1138}.Release|iPhoneSimulator.Deploy.0 = Release|Any CPU
		{66C68050-5CAA-497C-B690-BFBBA8A62B8B}.Ad-Hoc|Any CPU.ActiveCfg = Release|Any CPU
		{66C68050-5CAA-497C-B690-BFBBA8A62B8B}.Ad-Hoc|Any CPU.Build.0 = Release|Any CPU
		{66C68050-5CAA-497C-B690-BFBBA8A62B8B}.Ad-Hoc|iPhone.ActiveCfg = Release|Any CPU
		{66C68050-5CAA-497C-B690-BFBBA8A62B8B}.Ad-Hoc|iPhone.Build.0 = Release|Any CPU
		{66C68050-5CAA-497C-B690-BFBBA8A62B8B}.Ad-Hoc|iPhoneSimulator.ActiveCfg = Release|Any CPU
		{66C68050-5CAA-497C-B690-BFBBA8A62B8B}.Ad-Hoc|iPhoneSimulator.Build.0 = Release|Any CPU
		{66C68050-5CAA-497C-B690-BFBBA8A62B8B}.AppStore|Any CPU.ActiveCfg = Release|Any CPU
		{66C68050-5CAA-497C-B690-BFBBA8A62B8B}.AppStore|Any CPU.Build.0 = Release|Any CPU
		{66C68050-5CAA-497C-B690-BFBBA8A62B8B}.AppStore|iPhone.ActiveCfg = Release|Any CPU
		{66C68050-5CAA-497C-B690-BFBBA8A62B8B}.AppStore|iPhone.Build.0 = Release|Any CPU
		{66C68050-5CAA-497C-B690-BFBBA8A62B8B}.AppStore|iPhoneSimulator.ActiveCfg = Release|Any CPU
		{66C68050-5CAA-497C-B690-BFBBA8A62B8B}.AppStore|iPhoneSimulator.Build.0 = Release|Any CPU
		{66C68050-5CAA-497C-B690-BFBBA8A62B8B}.Debug|Any CPU.ActiveCfg = Debug|Any CPU
		{66C68050-5CAA-497C-B690-BFBBA8A62B8B}.Debug|Any CPU.Build.0 = Debug|Any CPU
		{66C68050-5CAA-497C-B690-BFBBA8A62B8B}.Debug|iPhone.ActiveCfg = Debug|Any CPU
		{66C68050-5CAA-497C-B690-BFBBA8A62B8B}.Debug|iPhone.Build.0 = Debug|Any CPU
		{66C68050-5CAA-497C-B690-BFBBA8A62B8B}.Debug|iPhoneSimulator.ActiveCfg = Debug|Any CPU
		{66C68050-5CAA-497C-B690-BFBBA8A62B8B}.Debug|iPhoneSimulator.Build.0 = Debug|Any CPU
		{66C68050-5CAA-497C-B690-BFBBA8A62B8B}.Release|Any CPU.ActiveCfg = Release|Any CPU
		{66C68050-5CAA-497C-B690-BFBBA8A62B8B}.Release|Any CPU.Build.0 = Release|Any CPU
		{66C68050-5CAA-497C-B690-BFBBA8A62B8B}.Release|iPhone.ActiveCfg = Release|Any CPU
		{66C68050-5CAA-497C-B690-BFBBA8A62B8B}.Release|iPhone.Build.0 = Release|Any CPU
		{66C68050-5CAA-497C-B690-BFBBA8A62B8B}.Release|iPhoneSimulator.ActiveCfg = Release|Any CPU
		{66C68050-5CAA-497C-B690-BFBBA8A62B8B}.Release|iPhoneSimulator.Build.0 = Release|Any CPU
		{4D6F7178-7DB4-4D20-894E-E364B5106D86}.Ad-Hoc|Any CPU.ActiveCfg = Ad-Hoc|iPhone
		{4D6F7178-7DB4-4D20-894E-E364B5106D86}.Ad-Hoc|iPhone.ActiveCfg = Ad-Hoc|iPhone
		{4D6F7178-7DB4-4D20-894E-E364B5106D86}.Ad-Hoc|iPhone.Build.0 = Ad-Hoc|iPhone
		{4D6F7178-7DB4-4D20-894E-E364B5106D86}.Ad-Hoc|iPhoneSimulator.ActiveCfg = Ad-Hoc|iPhoneSimulator
		{4D6F7178-7DB4-4D20-894E-E364B5106D86}.Ad-Hoc|iPhoneSimulator.Build.0 = Ad-Hoc|iPhoneSimulator
		{4D6F7178-7DB4-4D20-894E-E364B5106D86}.AppStore|Any CPU.ActiveCfg = AppStore|iPhone
		{4D6F7178-7DB4-4D20-894E-E364B5106D86}.AppStore|iPhone.ActiveCfg = AppStore|iPhone
		{4D6F7178-7DB4-4D20-894E-E364B5106D86}.AppStore|iPhone.Build.0 = AppStore|iPhone
		{4D6F7178-7DB4-4D20-894E-E364B5106D86}.AppStore|iPhoneSimulator.ActiveCfg = AppStore|iPhoneSimulator
		{4D6F7178-7DB4-4D20-894E-E364B5106D86}.AppStore|iPhoneSimulator.Build.0 = AppStore|iPhoneSimulator
		{4D6F7178-7DB4-4D20-894E-E364B5106D86}.Debug|Any CPU.ActiveCfg = Debug|iPhone
		{4D6F7178-7DB4-4D20-894E-E364B5106D86}.Debug|iPhone.ActiveCfg = Debug|iPhone
		{4D6F7178-7DB4-4D20-894E-E364B5106D86}.Debug|iPhone.Build.0 = Debug|iPhone
		{4D6F7178-7DB4-4D20-894E-E364B5106D86}.Debug|iPhoneSimulator.ActiveCfg = Debug|iPhoneSimulator
		{4D6F7178-7DB4-4D20-894E-E364B5106D86}.Debug|iPhoneSimulator.Build.0 = Debug|iPhoneSimulator
		{4D6F7178-7DB4-4D20-894E-E364B5106D86}.Release|Any CPU.ActiveCfg = Release|iPhone
		{4D6F7178-7DB4-4D20-894E-E364B5106D86}.Release|iPhone.ActiveCfg = Release|iPhone
		{4D6F7178-7DB4-4D20-894E-E364B5106D86}.Release|iPhone.Build.0 = Release|iPhone
		{4D6F7178-7DB4-4D20-894E-E364B5106D86}.Release|iPhoneSimulator.ActiveCfg = Release|iPhoneSimulator
		{4D6F7178-7DB4-4D20-894E-E364B5106D86}.Release|iPhoneSimulator.Build.0 = Release|iPhoneSimulator
	EndGlobalSection
	GlobalSection(SolutionProperties) = preSolution
		HideSolutionNode = FALSE
	EndGlobalSection
EndGlobal
